# THIS IS AN AUTOGENERATED FILE. DO NOT EDIT THIS FILE DIRECTLY.
# yarn lockfile v1


swiper@^11.2.8:
  version "11.2.8"
  resolved "https://registry.yarnpkg.com/swiper/-/swiper-11.2.8.tgz#2b5d7da3093454c0a7bf090f1714fb4332142702"
  integrity sha512-S5FVf6zWynPWooi7pJ7lZhSUe2snTzqLuUzbd5h5PHUOhzgvW0bLKBd2wv0ixn6/5o9vwc/IkQT74CRcLJQzeg==
